
Microsoft Visual Studio Solution File, Format Version 12.00
# Visual Studio Version 17
VisualStudioVersion = 17.6.33829.357
MinimumVisualStudioVersion = 10.0.40219.1
Project("{FAE04EC0-301F-11D3-BF4B-00C04F79EFBC}") = "QLBH_CENTRIX", "QLBH_CENTRIX\QLBH_CENTRIX.csproj", "{0D117C45-43A3-49E9-8347-3BE9C3235F46}"
EndProject
Global
	GlobalSection(SolutionConfigurationPlatforms) = preSolution
		Debug|Any CPU = Debug|Any CPU
		Release|Any CPU = Release|Any CPU
	EndGlobalSection
	GlobalSection(ProjectConfigurationPlatforms) = postSolution
		{0D117C45-43A3-49E9-8347-3BE9C3235F46}.Debug|Any CPU.ActiveCfg = Debug|Any CPU
		{0D117C45-43A3-49E9-8347-3BE9C3235F46}.Debug|Any CPU.Build.0 = Debug|Any CPU
		{0D117C45-43A3-49E9-8347-3BE9C3235F46}.Release|Any CPU.ActiveCfg = Release|Any CPU
		{0D117C45-43A3-49E9-8347-3BE9C3235F46}.Release|Any CPU.Build.0 = Release|Any CPU
	EndGlobalSection
	GlobalSection(SolutionProperties) = preSolution
		HideSolutionNode = FALSE
	EndGlobalSection
	GlobalSection(ExtensibilityGlobals) = postSolution
		SolutionGuid = {A3487E14-9A37-452D-A8FD-ABB5ABEBDED9}
	EndGlobalSection
EndGlobal
